// !$*UTF8*$!
{
	archiveVersion = 1;
	classes = {
	};
	objectVersion = 46;
	objects = {

/* Begin PBXBuildFile section */
		CD14C2EF194F74A3000A72B0 /* Foundation.framework in Frameworks */ = {isa = PBXBuildFile; fileRef = CD14C2EE194F74A3000A72B0 /* Foundation.framework */; };
		CD14C2F1194F74A3000A72B0 /* CoreGraphics.framework in Frameworks */ = {isa = PBXBuildFile; fileRef = CD14C2F0194F74A3000A72B0 /* CoreGraphics.framework */; };
		CD14C2F3194F74A3000A72B0 /* UIKit.framework in Frameworks */ = {isa = PBXBuildFile; fileRef = CD14C2F2194F74A3000A72B0 /* UIKit.framework */; };
		CD14C2F9194F74A3000A72B0 /* InfoPlist.strings in Resources */ = {isa = PBXBuildFile; fileRef = CD14C2F7194F74A3000A72B0 /* InfoPlist.strings */; };
		CD14C2FB194F74A3000A72B0 /* main.m in Sources */ = {isa = PBXBuildFile; fileRef = CD14C2FA194F74A3000A72B0 /* main.m */; };
		CD14C2FF194F74A3000A72B0 /* AppDelegate.m in Sources */ = {isa = PBXBuildFile; fileRef = CD14C2FE194F74A3000A72B0 /* AppDelegate.m */; };
		CD14C302194F74A3000A72B0 /* Main.storyboard in Resources */ = {isa = PBXBuildFile; fileRef = CD14C300194F74A3000A72B0 /* Main.storyboard */; };
		CD14C305194F74A3000A72B0 /* FirstViewController.m in Sources */ = {isa = PBXBuildFile; fileRef = CD14C304194F74A3000A72B0 /* FirstViewController.m */; };
		CD14C308194F74A3000A72B0 /* SecondViewController.m in Sources */ = {isa = PBXBuildFile; fileRef = CD14C307194F74A3000A72B0 /* SecondViewController.m */; };
		CD14C30A194F74A3000A72B0 /* Images.xcassets in Resources */ = {isa = PBXBuildFile; fileRef = CD14C309194F74A3000A72B0 /* Images.xcassets */; };
		CD14C311194F74A3000A72B0 /* XCTest.framework in Frameworks */ = {isa = PBXBuildFile; fileRef = CD14C310194F74A3000A72B0 /* XCTest.framework */; };
		CD14C312194F74A3000A72B0 /* Foundation.framework in Frameworks */ = {isa = PBXBuildFile; fileRef = CD14C2EE194F74A3000A72B0 /* Foundation.framework */; };
		CD14C313194F74A3000A72B0 /* UIKit.framework in Frameworks */ = {isa = PBXBuildFile; fileRef = CD14C2F2194F74A3000A72B0 /* UIKit.framework */; };
		CD14C31B194F74A3000A72B0 /* InfoPlist.strings in Resources */ = {isa = PBXBuildFile; fileRef = CD14C319194F74A3000A72B0 /* InfoPlist.strings */; };
		CD14C31D194F74A3000A72B0 /* SchoolHelperTests.m in Sources */ = {isa = PBXBuildFile; fileRef = CD14C31C194F74A3000A72B0 /* SchoolHelperTests.m */; };
		CD14C327194FB3C7000A72B0 /* libz.dylib in Frameworks */ = {isa = PBXBuildFile; fileRef = CD14C326194FB3C7000A72B0 /* libz.dylib */; };
		CD14C329194FB3D0000A72B0 /* CFNetwork.framework in Frameworks */ = {isa = PBXBuildFile; fileRef = CD14C328194FB3D0000A72B0 /* CFNetwork.framework */; };
		CD14C32B194FB3DD000A72B0 /* MobileCoreServices.framework in Frameworks */ = {isa = PBXBuildFile; fileRef = CD14C32A194FB3DD000A72B0 /* MobileCoreServices.framework */; };
		CD14C32D194FB3F1000A72B0 /* SystemConfiguration.framework in Frameworks */ = {isa = PBXBuildFile; fileRef = CD14C32C194FB3F1000A72B0 /* SystemConfiguration.framework */; };
		CD14C331194FB432000A72B0 /* JSONKit.m in Sources */ = {isa = PBXBuildFile; fileRef = CD14C330194FB432000A72B0 /* JSONKit.m */; settings = {COMPILER_FLAGS = "-fno-objc-arc"; }; };
		CD14C349194FB50E000A72B0 /* ASIAuthenticationDialog.m in Sources */ = {isa = PBXBuildFile; fileRef = CD14C334194FB50E000A72B0 /* ASIAuthenticationDialog.m */; settings = {COMPILER_FLAGS = "-fno-objc-arc"; }; };
		CD14C34A194FB50E000A72B0 /* ASIDataCompressor.m in Sources */ = {isa = PBXBuildFile; fileRef = CD14C337194FB50E000A72B0 /* ASIDataCompressor.m */; settings = {COMPILER_FLAGS = "-fno-objc-arc"; }; };
		CD14C34B194FB50E000A72B0 /* ASIDataDecompressor.m in Sources */ = {isa = PBXBuildFile; fileRef = CD14C339194FB50E000A72B0 /* ASIDataDecompressor.m */; settings = {COMPILER_FLAGS = "-fno-objc-arc"; }; };
		CD14C34C194FB50E000A72B0 /* ASIDownloadCache.m in Sources */ = {isa = PBXBuildFile; fileRef = CD14C33B194FB50E000A72B0 /* ASIDownloadCache.m */; settings = {COMPILER_FLAGS = "-fno-objc-arc"; }; };
		CD14C34D194FB50E000A72B0 /* ASIFormDataRequest.m in Sources */ = {isa = PBXBuildFile; fileRef = CD14C33D194FB50E000A72B0 /* ASIFormDataRequest.m */; settings = {COMPILER_FLAGS = "-fno-objc-arc"; }; };
		CD14C34E194FB50E000A72B0 /* ASIHTTPRequest.m in Sources */ = {isa = PBXBuildFile; fileRef = CD14C33F194FB50E000A72B0 /* ASIHTTPRequest.m */; settings = {COMPILER_FLAGS = "-fno-objc-arc"; }; };
		CD14C34F194FB50E000A72B0 /* ASIInputStream.m in Sources */ = {isa = PBXBuildFile; fileRef = CD14C343194FB50E000A72B0 /* ASIInputStream.m */; settings = {COMPILER_FLAGS = "-fno-objc-arc"; }; };
		CD14C350194FB50E000A72B0 /* ASINetworkQueue.m in Sources */ = {isa = PBXBuildFile; fileRef = CD14C345194FB50E000A72B0 /* ASINetworkQueue.m */; settings = {COMPILER_FLAGS = "-fno-objc-arc"; }; };
		CD14C351194FB50E000A72B0 /* Reachability.m in Sources */ = {isa = PBXBuildFile; fileRef = CD14C348194FB50E000A72B0 /* Reachability.m */; settings = {COMPILER_FLAGS = "-fno-objc-arc"; }; };
/* End PBXBuildFile section */

/* Begin PBXContainerItemProxy section */
		CD14C314194F74A3000A72B0 /* PBXContainerItemProxy */ = {
			isa = PBXContainerItemProxy;
			containerPortal = CD14C2E3194F74A3000A72B0 /* Project object */;
			proxyType = 1;
			remoteGlobalIDString = CD14C2EA194F74A3000A72B0;
			remoteInfo = SchoolHelper;
		};
/* End PBXContainerItemProxy section */

/* Begin PBXFileReference section */
		CD14C2EB194F74A3000A72B0 /* SchoolHelper.app */ = {isa = PBXFileReference; explicitFileType = wrapper.application; includeInIndex = 0; path = SchoolHelper.app; sourceTree = BUILT_PRODUCTS_DIR; };
		CD14C2EE194F74A3000A72B0 /* Foundation.framework */ = {isa = PBXFileReference; lastKnownFileType = wrapper.framework; name = Foundation.framework; path = System/Library/Frameworks/Foundation.framework; sourceTree = SDKROOT; };
		CD14C2F0194F74A3000A72B0 /* CoreGraphics.framework */ = {isa = PBXFileReference; lastKnownFileType = wrapper.framework; name = CoreGraphics.framework; path = System/Library/Frameworks/CoreGraphics.framework; sourceTree = SDKROOT; };
		CD14C2F2194F74A3000A72B0 /* UIKit.framework */ = {isa = PBXFileReference; lastKnownFileType = wrapper.framework; name = UIKit.framework; path = System/Library/Frameworks/UIKit.framework; sourceTree = SDKROOT; };
		CD14C2F6194F74A3000A72B0 /* SchoolHelper-Info.plist */ = {isa = PBXFileReference; lastKnownFileType = text.plist.xml; path = "SchoolHelper-Info.plist"; sourceTree = "<group>"; };
		CD14C2F8194F74A3000A72B0 /* en */ = {isa = PBXFileReference; lastKnownFileType = text.plist.strings; name = en; path = en.lproj/InfoPlist.strings; sourceTree = "<group>"; };
		CD14C2FA194F74A3000A72B0 /* main.m */ = {isa = PBXFileReference; lastKnownFileType = sourcecode.c.objc; path = main.m; sourceTree = "<group>"; };
		CD14C2FC194F74A3000A72B0 /* SchoolHelper-Prefix.pch */ = {isa = PBXFileReference; lastKnownFileType = sourcecode.c.h; path = "SchoolHelper-Prefix.pch"; sourceTree = "<group>"; };
		CD14C2FD194F74A3000A72B0 /* AppDelegate.h */ = {isa = PBXFileReference; lastKnownFileType = sourcecode.c.h; path = AppDelegate.h; sourceTree = "<group>"; };
		CD14C2FE194F74A3000A72B0 /* AppDelegate.m */ = {isa = PBXFileReference; lastKnownFileType = sourcecode.c.objc; path = AppDelegate.m; sourceTree = "<group>"; };
		CD14C301194F74A3000A72B0 /* Base */ = {isa = PBXFileReference; lastKnownFileType = file.storyboard; name = Base; path = Base.lproj/Main.storyboard; sourceTree = "<group>"; };
		CD14C303194F74A3000A72B0 /* FirstViewController.h */ = {isa = PBXFileReference; lastKnownFileType = sourcecode.c.h; path = FirstViewController.h; sourceTree = "<group>"; };
		CD14C304194F74A3000A72B0 /* FirstViewController.m */ = {isa = PBXFileReference; lastKnownFileType = sourcecode.c.objc; path = FirstViewController.m; sourceTree = "<group>"; };
		CD14C306194F74A3000A72B0 /* SecondViewController.h */ = {isa = PBXFileReference; lastKnownFileType = sourcecode.c.h; path = SecondViewController.h; sourceTree = "<group>"; };
		CD14C307194F74A3000A72B0 /* SecondViewController.m */ = {isa = PBXFileReference; lastKnownFileType = sourcecode.c.objc; path = SecondViewController.m; sourceTree = "<group>"; };
		CD14C309194F74A3000A72B0 /* Images.xcassets */ = {isa = PBXFileReference; lastKnownFileType = folder.assetcatalog; path = Images.xcassets; sourceTree = "<group>"; };
		CD14C30F194F74A3000A72B0 /* SchoolHelperTests.xctest */ = {isa = PBXFileReference; explicitFileType = wrapper.cfbundle; includeInIndex = 0; path = SchoolHelperTests.xctest; sourceTree = BUILT_PRODUCTS_DIR; };
		CD14C310194F74A3000A72B0 /* XCTest.framework */ = {isa = PBXFileReference; lastKnownFileType = wrapper.framework; name = XCTest.framework; path = Library/Frameworks/XCTest.framework; sourceTree = DEVELOPER_DIR; };
		CD14C318194F74A3000A72B0 /* SchoolHelperTests-Info.plist */ = {isa = PBXFileReference; lastKnownFileType = text.plist.xml; path = "SchoolHelperTests-Info.plist"; sourceTree = "<group>"; };
		CD14C31A194F74A3000A72B0 /* en */ = {isa = PBXFileReference; lastKnownFileType = text.plist.strings; name = en; path = en.lproj/InfoPlist.strings; sourceTree = "<group>"; };
		CD14C31C194F74A3000A72B0 /* SchoolHelperTests.m */ = {isa = PBXFileReference; lastKnownFileType = sourcecode.c.objc; path = SchoolHelperTests.m; sourceTree = "<group>"; };
		CD14C326194FB3C7000A72B0 /* libz.dylib */ = {isa = PBXFileReference; lastKnownFileType = "compiled.mach-o.dylib"; name = libz.dylib; path = usr/lib/libz.dylib; sourceTree = SDKROOT; };
		CD14C328194FB3D0000A72B0 /* CFNetwork.framework */ = {isa = PBXFileReference; lastKnownFileType = wrapper.framework; name = CFNetwork.framework; path = System/Library/Frameworks/CFNetwork.framework; sourceTree = SDKROOT; };
		CD14C32A194FB3DD000A72B0 /* MobileCoreServices.framework */ = {isa = PBXFileReference; lastKnownFileType = wrapper.framework; name = MobileCoreServices.framework; path = System/Library/Frameworks/MobileCoreServices.framework; sourceTree = SDKROOT; };
		CD14C32C194FB3F1000A72B0 /* SystemConfiguration.framework */ = {isa = PBXFileReference; lastKnownFileType = wrapper.framework; name = SystemConfiguration.framework; path = System/Library/Frameworks/SystemConfiguration.framework; sourceTree = SDKROOT; };
		CD14C32F194FB432000A72B0 /* JSONKit.h */ = {isa = PBXFileReference; fileEncoding = 4; lastKnownFileType = sourcecode.c.h; path = JSONKit.h; sourceTree = "<group>"; };
		CD14C330194FB432000A72B0 /* JSONKit.m */ = {isa = PBXFileReference; fileEncoding = 4; lastKnownFileType = sourcecode.c.objc; path = JSONKit.m; sourceTree = "<group>"; };
		CD14C333194FB50E000A72B0 /* ASIAuthenticationDialog.h */ = {isa = PBXFileReference; fileEncoding = 4; lastKnownFileType = sourcecode.c.h; path = ASIAuthenticationDialog.h; sourceTree = "<group>"; };
		CD14C334194FB50E000A72B0 /* ASIAuthenticationDialog.m */ = {isa = PBXFileReference; fileEncoding = 4; lastKnownFileType = sourcecode.c.objc; path = ASIAuthenticationDialog.m; sourceTree = "<group>"; };
		CD14C335194FB50E000A72B0 /* ASICacheDelegate.h */ = {isa = PBXFileReference; fileEncoding = 4; lastKnownFileType = sourcecode.c.h; path = ASICacheDelegate.h; sourceTree = "<group>"; };
		CD14C336194FB50E000A72B0 /* ASIDataCompressor.h */ = {isa = PBXFileReference; fileEncoding = 4; lastKnownFileType = sourcecode.c.h; path = ASIDataCompressor.h; sourceTree = "<group>"; };
		CD14C337194FB50E000A72B0 /* ASIDataCompressor.m */ = {isa = PBXFileReference; fileEncoding = 4; lastKnownFileType = sourcecode.c.objc; path = ASIDataCompressor.m; sourceTree = "<group>"; };
		CD14C338194FB50E000A72B0 /* ASIDataDecompressor.h */ = {isa = PBXFileReference; fileEncoding = 4; lastKnownFileType = sourcecode.c.h; path = ASIDataDecompressor.h; sourceTree = "<group>"; };
		CD14C339194FB50E000A72B0 /* ASIDataDecompressor.m */ = {isa = PBXFileReference; fileEncoding = 4; lastKnownFileType = sourcecode.c.objc; path = ASIDataDecompressor.m; sourceTree = "<group>"; };
		CD14C33A194FB50E000A72B0 /* ASIDownloadCache.h */ = {isa = PBXFileReference; fileEncoding = 4; lastKnownFileType = sourcecode.c.h; path = ASIDownloadCache.h; sourceTree = "<group>"; };
		CD14C33B194FB50E000A72B0 /* ASIDownloadCache.m */ = {isa = PBXFileReference; fileEncoding = 4; lastKnownFileType = sourcecode.c.objc; path = ASIDownloadCache.m; sourceTree = "<group>"; };
		CD14C33C194FB50E000A72B0 /* ASIFormDataRequest.h */ = {isa = PBXFileReference; fileEncoding = 4; lastKnownFileType = sourcecode.c.h; path = ASIFormDataRequest.h; sourceTree = "<group>"; };
		CD14C33D194FB50E000A72B0 /* ASIFormDataRequest.m */ = {isa = PBXFileReference; fileEncoding = 4; lastKnownFileType = sourcecode.c.objc; path = ASIFormDataRequest.m; sourceTree = "<group>"; };
		CD14C33E194FB50E000A72B0 /* ASIHTTPRequest.h */ = {isa = PBXFileReference; fileEncoding = 4; lastKnownFileType = sourcecode.c.h; path = ASIHTTPRequest.h; sourceTree = "<group>"; };
		CD14C33F194FB50E000A72B0 /* ASIHTTPRequest.m */ = {isa = PBXFileReference; fileEncoding = 4; lastKnownFileType = sourcecode.c.objc; path = ASIHTTPRequest.m; sourceTree = "<group>"; };
		CD14C340194FB50E000A72B0 /* ASIHTTPRequestConfig.h */ = {isa = PBXFileReference; fileEncoding = 4; lastKnownFileType = sourcecode.c.h; path = ASIHTTPRequestConfig.h; sourceTree = "<group>"; };
		CD14C341194FB50E000A72B0 /* ASIHTTPRequestDelegate.h */ = {isa = PBXFileReference; fileEncoding = 4; lastKnownFileType = sourcecode.c.h; path = ASIHTTPRequestDelegate.h; sourceTree = "<group>"; };
		CD14C342194FB50E000A72B0 /* ASIInputStream.h */ = {isa = PBXFileReference; fileEncoding = 4; lastKnownFileType = sourcecode.c.h; path = ASIInputStream.h; sourceTree = "<group>"; };
		CD14C343194FB50E000A72B0 /* ASIInputStream.m */ = {isa = PBXFileReference; fileEncoding = 4; lastKnownFileType = sourcecode.c.objc; path = ASIInputStream.m; sourceTree = "<group>"; };
		CD14C344194FB50E000A72B0 /* ASINetworkQueue.h */ = {isa = PBXFileReference; fileEncoding = 4; lastKnownFileType = sourcecode.c.h; path = ASINetworkQueue.h; sourceTree = "<group>"; };
		CD14C345194FB50E000A72B0 /* ASINetworkQueue.m */ = {isa = PBXFileReference; fileEncoding = 4; lastKnownFileType = sourcecode.c.objc; path = ASINetworkQueue.m; sourceTree = "<group>"; };
		CD14C346194FB50E000A72B0 /* ASIProgressDelegate.h */ = {isa = PBXFileReference; fileEncoding = 4; lastKnownFileType = sourcecode.c.h; path = ASIProgressDelegate.h; sourceTree = "<group>"; };
		CD14C347194FB50E000A72B0 /* Reachability.h */ = {isa = PBXFileReference; fileEncoding = 4; lastKnownFileType = sourcecode.c.h; path = Reachability.h; sourceTree = "<group>"; };
		CD14C348194FB50E000A72B0 /* Reachability.m */ = {isa = PBXFileReference; fileEncoding = 4; lastKnownFileType = sourcecode.c.objc; path = Reachability.m; sourceTree = "<group>"; };
/* End PBXFileReference section */

/* Begin PBXFrameworksBuildPhase section */
		CD14C2E8194F74A3000A72B0 /* Frameworks */ = {
			isa = PBXFrameworksBuildPhase;
			buildActionMask = 2147483647;
			files = (
				CD14C32D194FB3F1000A72B0 /* SystemConfiguration.framework in Frameworks */,
				CD14C32B194FB3DD000A72B0 /* MobileCoreServices.framework in Frameworks */,
				CD14C329194FB3D0000A72B0 /* CFNetwork.framework in Frameworks */,
				CD14C327194FB3C7000A72B0 /* libz.dylib in Frameworks */,
				CD14C2F1194F74A3000A72B0 /* CoreGraphics.framework in Frameworks */,
				CD14C2F3194F74A3000A72B0 /* UIKit.framework in Frameworks */,
				CD14C2EF194F74A3000A72B0 /* Foundation.framework in Frameworks */,
			);
			runOnlyForDeploymentPostprocessing = 0;
		};
		CD14C30C194F74A3000A72B0 /* Frameworks */ = {
			isa = PBXFrameworksBuildPhase;
			buildActionMask = 2147483647;
			files = (
				CD14C311194F74A3000A72B0 /* XCTest.framework in Frameworks */,
				CD14C313194F74A3000A72B0 /* UIKit.framework in Frameworks */,
				CD14C312194F74A3000A72B0 /* Foundation.framework in Frameworks */,
			);
			runOnlyForDeploymentPostprocessing = 0;
		};
/* End PBXFrameworksBuildPhase section */

/* Begin PBXGroup section */
		CD14C2E2194F74A3000A72B0 = {
			isa = PBXGroup;
			children = (
				CD14C332194FB50E000A72B0 /* ASIHttpRequest */,
				CD14C32E194FB432000A72B0 /* JSONKit */,
				CD14C2F4194F74A3000A72B0 /* SchoolHelper */,
				CD14C316194F74A3000A72B0 /* SchoolHelperTests */,
				CD14C2ED194F74A3000A72B0 /* Frameworks */,
				CD14C2EC194F74A3000A72B0 /* Products */,
			);
			sourceTree = "<group>";
		};
		CD14C2EC194F74A3000A72B0 /* Products */ = {
			isa = PBXGroup;
			children = (
				CD14C2EB194F74A3000A72B0 /* SchoolHelper.app */,
				CD14C30F194F74A3000A72B0 /* SchoolHelperTests.xctest */,
			);
			name = Products;
			sourceTree = "<group>";
		};
		CD14C2ED194F74A3000A72B0 /* Frameworks */ = {
			isa = PBXGroup;
			children = (
				CD14C32C194FB3F1000A72B0 /* SystemConfiguration.framework */,
				CD14C32A194FB3DD000A72B0 /* MobileCoreServices.framework */,
				CD14C328194FB3D0000A72B0 /* CFNetwork.framework */,
				CD14C326194FB3C7000A72B0 /* libz.dylib */,
				CD14C2EE194F74A3000A72B0 /* Foundation.framework */,
				CD14C2F0194F74A3000A72B0 /* CoreGraphics.framework */,
				CD14C2F2194F74A3000A72B0 /* UIKit.framework */,
				CD14C310194F74A3000A72B0 /* XCTest.framework */,
			);
			name = Frameworks;
			sourceTree = "<group>";
		};
		CD14C2F4194F74A3000A72B0 /* SchoolHelper */ = {
			isa = PBXGroup;
			children = (
				CD14C2FD194F74A3000A72B0 /* AppDelegate.h */,
				CD14C2FE194F74A3000A72B0 /* AppDelegate.m */,
				CD14C300194F74A3000A72B0 /* Main.storyboard */,
				CD14C303194F74A3000A72B0 /* FirstViewController.h */,
				CD14C304194F74A3000A72B0 /* FirstViewController.m */,
				CD14C306194F74A3000A72B0 /* SecondViewController.h */,
				CD14C307194F74A3000A72B0 /* SecondViewController.m */,
				CD14C309194F74A3000A72B0 /* Images.xcassets */,
				CD14C2F5194F74A3000A72B0 /* Supporting Files */,
			);
			path = SchoolHelper;
			sourceTree = "<group>";
		};
		CD14C2F5194F74A3000A72B0 /* Supporting Files */ = {
			isa = PBXGroup;
			children = (
				CD14C2F6194F74A3000A72B0 /* SchoolHelper-Info.plist */,
				CD14C2F7194F74A3000A72B0 /* InfoPlist.strings */,
				CD14C2FA194F74A3000A72B0 /* main.m */,
				CD14C2FC194F74A3000A72B0 /* SchoolHelper-Prefix.pch */,
			);
			name = "Supporting Files";
			sourceTree = "<group>";
		};
		CD14C316194F74A3000A72B0 /* SchoolHelperTests */ = {
			isa = PBXGroup;
			children = (
				CD14C31C194F74A3000A72B0 /* SchoolHelperTests.m */,
				CD14C317194F74A3000A72B0 /* Supporting Files */,
			);
			path = SchoolHelperTests;
			sourceTree = "<group>";
		};
		CD14C317194F74A3000A72B0 /* Supporting Files */ = {
			isa = PBXGroup;
			children = (
				CD14C318194F74A3000A72B0 /* SchoolHelperTests-Info.plist */,
				CD14C319194F74A3000A72B0 /* InfoPlist.strings */,
			);
			name = "Supporting Files";
			sourceTree = "<group>";
		};
		CD14C32E194FB432000A72B0 /* JSONKit */ = {
			isa = PBXGroup;
			children = (
				CD14C32F194FB432000A72B0 /* JSONKit.h */,
				CD14C330194FB432000A72B0 /* JSONKit.m */,
			);
			path = JSONKit;
			sourceTree = "<group>";
		};
		CD14C332194FB50E000A72B0 /* ASIHttpRequest */ = {
			isa = PBXGroup;
			children = (
				CD14C333194FB50E000A72B0 /* ASIAuthenticationDialog.h */,
				CD14C334194FB50E000A72B0 /* ASIAuthenticationDialog.m */,
				CD14C335194FB50E000A72B0 /* ASICacheDelegate.h */,
				CD14C336194FB50E000A72B0 /* ASIDataCompressor.h */,
				CD14C337194FB50E000A72B0 /* ASIDataCompressor.m */,
				CD14C338194FB50E000A72B0 /* ASIDataDecompressor.h */,
				CD14C339194FB50E000A72B0 /* ASIDataDecompressor.m */,
				CD14C33A194FB50E000A72B0 /* ASIDownloadCache.h */,
				CD14C33B194FB50E000A72B0 /* ASIDownloadCache.m */,
				CD14C33C194FB50E000A72B0 /* ASIFormDataRequest.h */,
				CD14C33D194FB50E000A72B0 /* ASIFormDataRequest.m */,
				CD14C33E194FB50E000A72B0 /* ASIHTTPRequest.h */,
				CD14C33F194FB50E000A72B0 /* ASIHTTPRequest.m */,
				CD14C340194FB50E000A72B0 /* ASIHTTPRequestConfig.h */,
				CD14C341194FB50E000A72B0 /* ASIHTTPRequestDelegate.h */,
				CD14C342194FB50E000A72B0 /* ASIInputStream.h */,
				CD14C343194FB50E000A72B0 /* ASIInputStream.m */,
				CD14C344194FB50E000A72B0 /* ASINetworkQueue.h */,
				CD14C345194FB50E000A72B0 /* ASINetworkQueue.m */,
				CD14C346194FB50E000A72B0 /* ASIProgressDelegate.h */,
				CD14C347194FB50E000A72B0 /* Reachability.h */,
				CD14C348194FB50E000A72B0 /* Reachability.m */,
			);
			path = ASIHttpRequest;
			sourceTree = "<group>";
		};
/* End PBXGroup section */

/* Begin PBXNativeTarget section */
		CD14C2EA194F74A3000A72B0 /* SchoolHelper */ = {
			isa = PBXNativeTarget;
			buildConfigurationList = CD14C320194F74A3000A72B0 /* Build configuration list for PBXNativeTarget "SchoolHelper" */;
			buildPhases = (
				CD14C2E7194F74A3000A72B0 /* Sources */,
				CD14C2E8194F74A3000A72B0 /* Frameworks */,
				CD14C2E9194F74A3000A72B0 /* Resources */,
			);
			buildRules = (
			);
			dependencies = (
			);
			name = SchoolHelper;
			productName = SchoolHelper;
			productReference = CD14C2EB194F74A3000A72B0 /* SchoolHelper.app */;
			productType = "com.apple.product-type.application";
		};
		CD14C30E194F74A3000A72B0 /* SchoolHelperTests */ = {
			isa = PBXNativeTarget;
			buildConfigurationList = CD14C323194F74A3000A72B0 /* Build configuration list for PBXNativeTarget "SchoolHelperTests" */;
			buildPhases = (
				CD14C30B194F74A3000A72B0 /* Sources */,
				CD14C30C194F74A3000A72B0 /* Frameworks */,
				CD14C30D194F74A3000A72B0 /* Resources */,
			);
			buildRules = (
			);
			dependencies = (
				CD14C315194F74A3000A72B0 /* PBXTargetDependency */,
			);
			name = SchoolHelperTests;
			productName = SchoolHelperTests;
			productReference = CD14C30F194F74A3000A72B0 /* SchoolHelperTests.xctest */;
			productType = "com.apple.product-type.bundle.unit-test";
		};
/* End PBXNativeTarget section */

/* Begin PBXProject section */
		CD14C2E3194F74A3000A72B0 /* Project object */ = {
			isa = PBXProject;
			attributes = {
				LastUpgradeCheck = 0510;
				ORGANIZATIONNAME = Horace;
				TargetAttributes = {
					CD14C30E194F74A3000A72B0 = {
						TestTargetID = CD14C2EA194F74A3000A72B0;
					};
				};
			};
			buildConfigurationList = CD14C2E6194F74A3000A72B0 /* Build configuration list for PBXProject "SchoolHelper" */;
			compatibilityVersion = "Xcode 3.2";
			developmentRegion = English;
			hasScannedForEncodings = 0;
			knownRegions = (
				en,
				Base,
			);
			mainGroup = CD14C2E2194F74A3000A72B0;
			productRefGroup = CD14C2EC194F74A3000A72B0 /* Products */;
			projectDirPath = "";
			projectRoot = "";
			targets = (
				CD14C2EA194F74A3000A72B0 /* SchoolHelper */,
				CD14C30E194F74A3000A72B0 /* SchoolHelperTests */,
			);
		};
/* End PBXProject section */

/* Begin PBXResourcesBuildPhase section */
		CD14C2E9194F74A3000A72B0 /* Resources */ = {
			isa = PBXResourcesBuildPhase;
			buildActionMask = 2147483647;
			files = (
				CD14C30A194F74A3000A72B0 /* Images.xcassets in Resources */,
				CD14C2F9194F74A3000A72B0 /* InfoPlist.strings in Resources */,
				CD14C302194F74A3000A72B0 /* Main.storyboard in Resources */,
			);
			runOnlyForDeploymentPostprocessing = 0;
		};
		CD14C30D194F74A3000A72B0 /* Resources */ = {
			isa = PBXResourcesBuildPhase;
			buildActionMask = 2147483647;
			files = (
				CD14C31B194F74A3000A72B0 /* InfoPlist.strings in Resources */,
			);
			runOnlyForDeploymentPostprocessing = 0;
		};
/* End PBXResourcesBuildPhase section */

/* Begin PBXSourcesBuildPhase section */
		CD14C2E7194F74A3000A72B0 /* Sources */ = {
			isa = PBXSourcesBuildPhase;
			buildActionMask = 2147483647;
			files = (
				CD14C308194F74A3000A72B0 /* SecondViewController.m in Sources */,
				CD14C349194FB50E000A72B0 /* ASIAuthenticationDialog.m in Sources */,
				CD14C34A194FB50E000A72B0 /* ASIDataCompressor.m in Sources */,
				CD14C2FF194F74A3000A72B0 /* AppDelegate.m in Sources */,
				CD14C305194F74A3000A72B0 /* FirstViewController.m in Sources */,
				CD14C34E194FB50E000A72B0 /* ASIHTTPRequest.m in Sources */,
				CD14C34D194FB50E000A72B0 /* ASIFormDataRequest.m in Sources */,
				CD14C34C194FB50E000A72B0 /* ASIDownloadCache.m in Sources */,
				CD14C34F194FB50E000A72B0 /* ASIInputStream.m in Sources */,
				CD14C34B194FB50E000A72B0 /* ASIDataDecompressor.m in Sources */,
				CD14C351194FB50E000A72B0 /* Reachability.m in Sources */,
				CD14C350194FB50E000A72B0 /* ASINetworkQueue.m in Sources */,
				CD14C2FB194F74A3000A72B0 /* main.m in Sources */,
				CD14C331194FB432000A72B0 /* JSONKit.m in Sources */,
			);
			runOnlyForDeploymentPostprocessing = 0;
		};
		CD14C30B194F74A3000A72B0 /* Sources */ = {
			isa = PBXSourcesBuildPhase;
			buildActionMask = 2147483647;
			files = (
				CD14C31D194F74A3000A72B0 /* SchoolHelperTests.m in Sources */,
			);
			runOnlyForDeploymentPostprocessing = 0;
		};
/* End PBXSourcesBuildPhase section */

/* Begin PBXTargetDependency section */
		CD14C315194F74A3000A72B0 /* PBXTargetDependency */ = {
			isa = PBXTargetDependency;
			target = CD14C2EA194F74A3000A72B0 /* SchoolHelper */;
			targetProxy = CD14C314194F74A3000A72B0 /* PBXContainerItemProxy */;
		};
/* End PBXTargetDependency section */

/* Begin PBXVariantGroup section */
		CD14C2F7194F74A3000A72B0 /* InfoPlist.strings */ = {
			isa = PBXVariantGroup;
			children = (
				CD14C2F8194F74A3000A72B0 /* en */,
			);
			name = InfoPlist.strings;
			sourceTree = "<group>";
		};
		CD14C300194F74A3000A72B0 /* Main.storyboard */ = {
			isa = PBXVariantGroup;
			children = (
				CD14C301194F74A3000A72B0 /* Base */,
			);
			name = Main.storyboard;
			sourceTree = "<group>";
		};
		CD14C319194F74A3000A72B0 /* InfoPlist.strings */ = {
			isa = PBXVariantGroup;
			children = (
				CD14C31A194F74A3000A72B0 /* en */,
			);
			name = InfoPlist.strings;
			sourceTree = "<group>";
		};
/* End PBXVariantGroup section */

/* Begin XCBuildConfiguration section */
		CD14C31E194F74A3000A72B0 /* Debug */ = {
			isa = XCBuildConfiguration;
			buildSettings = {
				ALWAYS_SEARCH_USER_PATHS = NO;
				CLANG_CXX_LANGUAGE_STANDARD = "gnu++0x";
				CLANG_CXX_LIBRARY = "libc++";
				CLANG_ENABLE_MODULES = YES;
				CLANG_ENABLE_OBJC_ARC = YES;
				CLANG_WARN_BOOL_CONVERSION = YES;
				CLANG_WARN_CONSTANT_CONVERSION = YES;
				CLANG_WARN_DIRECT_OBJC_ISA_USAGE = YES_ERROR;
				CLANG_WARN_EMPTY_BODY = YES;
				CLANG_WARN_ENUM_CONVERSION = YES;
				CLANG_WARN_INT_CONVERSION = YES;
				CLANG_WARN_OBJC_ROOT_CLASS = YES_ERROR;
				CLANG_WARN__DUPLICATE_METHOD_MATCH = YES;
				"CODE_SIGN_IDENTITY[sdk=iphoneos*]" = "iPhone Developer";
				COPY_PHASE_STRIP = NO;
				GCC_C_LANGUAGE_STANDARD = gnu99;
				GCC_DYNAMIC_NO_PIC = NO;
				GCC_OPTIMIZATION_LEVEL = 0;
				GCC_PREPROCESSOR_DEFINITIONS = (
					"DEBUG=1",
					"$(inherited)",
				);
				GCC_SYMBOLS_PRIVATE_EXTERN = NO;
				GCC_WARN_64_TO_32_BIT_CONVERSION = YES;
				GCC_WARN_ABOUT_RETURN_TYPE = YES_ERROR;
				GCC_WARN_UNDECLARED_SELECTOR = YES;
				GCC_WARN_UNINITIALIZED_AUTOS = YES_AGGRESSIVE;
				GCC_WARN_UNUSED_FUNCTION = YES;
				GCC_WARN_UNUSED_VARIABLE = YES;
				IPHONEOS_DEPLOYMENT_TARGET = 7.1;
				ONLY_ACTIVE_ARCH = YES;
				SDKROOT = iphoneos;
			};
			name = Debug;
		};
		CD14C31F194F74A3000A72B0 /* Release */ = {
			isa = XCBuildConfiguration;
			buildSettings = {
				ALWAYS_SEARCH_USER_PATHS = NO;
				CLANG_CXX_LANGUAGE_STANDARD = "gnu++0x";
				CLANG_CXX_LIBRARY = "libc++";
				CLANG_ENABLE_MODULES = YES;
				CLANG_ENABLE_OBJC_ARC = YES;
				CLANG_WARN_BOOL_CONVERSION = YES;
				CLANG_WARN_CONSTANT_CONVERSION = YES;
				CLANG_WARN_DIRECT_OBJC_ISA_USAGE = YES_ERROR;
				CLANG_WARN_EMPTY_BODY = YES;
				CLANG_WARN_ENUM_CONVERSION = YES;
				CLANG_WARN_INT_CONVERSION = YES;
				CLANG_WARN_OBJC_ROOT_CLASS = YES_ERROR;
				CLANG_WARN__DUPLICATE_METHOD_MATCH = YES;
				"CODE_SIGN_IDENTITY[sdk=iphoneos*]" = "iPhone Developer";
				COPY_PHASE_STRIP = YES;
				ENABLE_NS_ASSERTIONS = NO;
				GCC_C_LANGUAGE_STANDARD = gnu99;
				GCC_WARN_64_TO_32_BIT_CONVERSION = YES;
				GCC_WARN_ABOUT_RETURN_TYPE = YES_ERROR;
				GCC_WARN_UNDECLARED_SELECTOR = YES;
				GCC_WARN_UNINITIALIZED_AUTOS = YES_AGGRESSIVE;
				GCC_WARN_UNUSED_FUNCTION = YES;
				GCC_WARN_UNUSED_VARIABLE = YES;
				IPHONEOS_DEPLOYMENT_TARGET = 7.1;
				SDKROOT = iphoneos;
				VALIDATE_PRODUCT = YES;
			};
			name = Release;
		};
		CD14C321194F74A3000A72B0 /* Debug */ = {
			isa = XCBuildConfiguration;
			buildSettings = {
				ASSETCATALOG_COMPILER_APPICON_NAME = AppIcon;
				ASSETCATALOG_COMPILER_LAUNCHIMAGE_NAME = LaunchImage;
				GCC_PRECOMPILE_PREFIX_HEADER = YES;
				GCC_PREFIX_HEADER = "SchoolHelper/SchoolHelper-Prefix.pch";
				INFOPLIST_FILE = "SchoolHelper/SchoolHelper-Info.plist";
				PRODUCT_NAME = "$(TARGET_NAME)";
				WRAPPER_EXTENSION = app;
			};
			name = Debug;
		};
		CD14C322194F74A3000A72B0 /* Release */ = {
			isa = XCBuildConfiguration;
			buildSettings = {
				ASSETCATALOG_COMPILER_APPICON_NAME = AppIcon;
				ASSETCATALOG_COMPILER_LAUNCHIMAGE_NAME = LaunchImage;
				GCC_PRECOMPILE_PREFIX_HEADER = YES;
				GCC_PREFIX_HEADER = "SchoolHelper/SchoolHelper-Prefix.pch";
				INFOPLIST_FILE = "SchoolHelper/SchoolHelper-Info.plist";
				PRODUCT_NAME = "$(TARGET_NAME)";
				WRAPPER_EXTENSION = app;
			};
			name = Release;
		};
		CD14C324194F74A3000A72B0 /* Debug */ = {
			isa = XCBuildConfiguration;
			buildSettings = {
				BUNDLE_LOADER = "$(BUILT_PRODUCTS_DIR)/SchoolHelper.app/SchoolHelper";
				FRAMEWORK_SEARCH_PATHS = (
					"$(SDKROOT)/Developer/Library/Frameworks",
					"$(inherited)",
					"$(DEVELOPER_FRAMEWORKS_DIR)",
				);
				GCC_PRECOMPILE_PREFIX_HEADER = YES;
				GCC_PREFIX_HEADER = "SchoolHelper/SchoolHelper-Prefix.pch";
				GCC_PREPROCESSOR_DEFINITIONS = (
					"DEBUG=1",
					"$(inherited)",
				);
				INFOPLIST_FILE = "SchoolHelperTests/SchoolHelperTests-Info.plist";
				PRODUCT_NAME = "$(TARGET_NAME)";
				TEST_HOST = "$(BUNDLE_LOADER)";
				WRAPPER_EXTENSION = xctest;
			};
			name = Debug;
		};
		CD14C325194F74A3000A72B0 /* Release */ = {
			isa = XCBuildConfiguration;
			buildSettings = {
				BUNDLE_LOADER = "$(BUILT_PRODUCTS_DIR)/SchoolHelper.app/SchoolHelper";
				FRAMEWORK_SEARCH_PATHS = (
					"$(SDKROOT)/Developer/Library/Frameworks",
					"$(inherited)",
					"$(DEVELOPER_FRAMEWORKS_DIR)",
				);
				GCC_PRECOMPILE_PREFIX_HEADER = YES;
				GCC_PREFIX_HEADER = "SchoolHelper/SchoolHelper-Prefix.pch";
				INFOPLIST_FILE = "SchoolHelperTests/SchoolHelperTests-Info.plist";
				PRODUCT_NAME = "$(TARGET_NAME)";
				TEST_HOST = "$(BUNDLE_LOADER)";
				WRAPPER_EXTENSION = xctest;
			};
			name = Release;
		};
/* End XCBuildConfiguration section */

/* Begin XCConfigurationList section */
		CD14C2E6194F74A3000A72B0 /* Build configuration list for PBXProject "SchoolHelper" */ = {
			isa = XCConfigurationList;
			buildConfigurations = (
				CD14C31E194F74A3000A72B0 /* Debug */,
				CD14C31F194F74A3000A72B0 /* Release */,
			);
			defaultConfigurationIsVisible = 0;
			defaultConfigurationName = Release;
		};
		CD14C320194F74A3000A72B0 /* Build configuration list for PBXNativeTarget "SchoolHelper" */ = {
			isa = XCConfigurationList;
			buildConfigurations = (
				CD14C321194F74A3000A72B0 /* Debug */,
				CD14C322194F74A3000A72B0 /* Release */,
			);
			defaultConfigurationIsVisible = 0;
			defaultConfigurationName = Release;
		};
		CD14C323194F74A3000A72B0 /* Build configuration list for PBXNativeTarget "SchoolHelperTests" */ = {
			isa = XCConfigurationList;
			buildConfigurations = (
				CD14C324194F74A3000A72B0 /* Debug */,
				CD14C325194F74A3000A72B0 /* Release */,
			);
			defaultConfigurationIsVisible = 0;
			defaultConfigurationName = Release;
		};
/* End XCConfigurationList section */
	};
	rootObject = CD14C2E3194F74A3000A72B0 /* Project object */;
}
